
Microsoft Visual Studio Solution File, Format Version 12.00
# Visual Studio 15
VisualStudioVersion = 15.0.28307.329
MinimumVisualStudioVersion = 10.0.40219.1
Project("{FAE04EC0-301F-11D3-BF4B-00C04F79EFBC}") = "SDPlatform", "SDPlatform\SDPlatform.csproj", "{E5689F9B-83D6-4F96-B343-31E2E5BA7381}"
EndProject
Global
	GlobalSection(SolutionConfigurationPlatforms) = preSolution
		Debug|Any CPU = Debug|Any CPU
		Release|Any CPU = Release|Any CPU
	EndGlobalSection
	GlobalSection(ProjectConfigurationPlatforms) = postSolution
		{E5689F9B-83D6-4F96-B343-31E2E5BA7381}.Debug|Any CPU.ActiveCfg = Debug|Any CPU
		{E5689F9B-83D6-4F96-B343-31E2E5BA7381}.Debug|Any CPU.Build.0 = Debug|Any CPU
		{E5689F9B-83D6-4F96-B343-31E2E5BA7381}.Release|Any CPU.ActiveCfg = Release|Any CPU
		{E5689F9B-83D6-4F96-B343-31E2E5BA7381}.Release|Any CPU.Build.0 = Release|Any CPU
	EndGlobalSection
	GlobalSection(SolutionProperties) = preSolution
		HideSolutionNode = FALSE
	EndGlobalSection
	GlobalSection(ExtensibilityGlobals) = postSolution
		SolutionGuid = {0FC15D6D-E719-4402-8D63-721299811838}
	EndGlobalSection
EndGlobal
